
Microsoft Visual Studio Solution File, Format Version 12.00
# Visual Studio 15
VisualStudioVersion = 15.0.28010.2046
MinimumVisualStudioVersion = 10.0.40219.1
Project("{8BC9CEB8-8B4A-11D0-8D11-00A0C91BC942}") = "Task01", "Task01\Task01.vcxproj", "{25EC2F6E-09CF-4872-A0F1-C7854FBF41D3}"
EndProject
Project("{8BC9CEB8-8B4A-11D0-8D11-00A0C91BC942}") = "Task02", "Task02\Task02.vcxproj", "{E60B6FF4-045F-43AA-9599-B9C5CA92B777}"
EndProject
Project("{8BC9CEB8-8B4A-11D0-8D11-00A0C91BC942}") = "Task03", "Task03\Task03.vcxproj", "{3C89A850-2AFE-4759-B56D-6C0014FC1AD1}"
EndProject
Project("{8BC9CEB8-8B4A-11D0-8D11-00A0C91BC942}") = "Task04", "Task04\Task04.vcxproj", "{70D51704-D662-475C-AA72-43A67C4FD975}"
EndProject
Project("{8BC9CEB8-8B4A-11D0-8D11-00A0C91BC942}") = "Task05", "Task05\Task05.vcxproj", "{24A88705-9885-4681-BF3F-3E6233AD6704}"
EndProject
Project("{8BC9CEB8-8B4A-11D0-8D11-00A0C91BC942}") = "Task06", "Task06\Task06.vcxproj", "{9ED3012F-647A-40C5-993C-CE04886DA72E}"
EndProject
Project("{8BC9CEB8-8B4A-11D0-8D11-00A0C91BC942}") = "Task07", "Task07\Task07.vcxproj", "{CEA52943-C1B2-4808-B523-B4DC26E5124B}"
EndProject
Project("{8BC9CEB8-8B4A-11D0-8D11-00A0C91BC942}") = "Task08", "Task08\Task08.vcxproj", "{A0DC608F-134A-4DEC-8DB7-89654BF85B6C}"
EndProject
Project("{8BC9CEB8-8B4A-11D0-8D11-00A0C91BC942}") = "Task09", "Task09\Task09.vcxproj", "{FAE50E75-D2AD-4A39-8769-4463A8513913}"
EndProject
Project("{8BC9CEB8-8B4A-11D0-8D11-00A0C91BC942}") = "Task10", "Task10\Task10.vcxproj", "{09927158-E37F-4913-962D-3376964D2AD1}"
EndProject
Project("{8BC9CEB8-8B4A-11D0-8D11-00A0C91BC942}") = "Task11", "Task11\Task11.vcxproj", "{21BCDF37-6A93-4822-9D28-1E62284529A0}"
EndProject
Project("{8BC9CEB8-8B4A-11D0-8D11-00A0C91BC942}") = "Task12", "Task12\Task12.vcxproj", "{144A49E0-EE63-475D-940C-0D6C3B7C1E40}"
EndProject
Project("{8BC9CEB8-8B4A-11D0-8D11-00A0C91BC942}") = "Task13", "Task13\Task13.vcxproj", "{7CD09A20-595D-4CBC-8A3E-6043E027A431}"
EndProject
Project("{8BC9CEB8-8B4A-11D0-8D11-00A0C91BC942}") = "Task14", "Task14\Task14.vcxproj", "{B3C707C7-B45C-49D4-B2B7-14007D7CCA5E}"
EndProject
Project("{8BC9CEB8-8B4A-11D0-8D11-00A0C91BC942}") = "Task15", "Task15\Task15.vcxproj", "{696149BD-270F-4284-A203-5641E537B715}"
EndProject
Project("{8BC9CEB8-8B4A-11D0-8D11-00A0C91BC942}") = "Task16", "Task16\Task16.vcxproj", "{171BBC9D-C371-4D35-ABA3-3C4D36DCA3C8}"
EndProject
Project("{8BC9CEB8-8B4A-11D0-8D11-00A0C91BC942}") = "Task17", "Task17\Task17.vcxproj", "{E757A3E7-74FA-4305-8A32-756842F2278B}"
EndProject
Project("{8BC9CEB8-8B4A-11D0-8D11-00A0C91BC942}") = "Task18", "Task18\Task18.vcxproj", "{2C8DDB25-3913-4BAA-836C-98342903B98A}"
EndProject
Project("{8BC9CEB8-8B4A-11D0-8D11-00A0C91BC942}") = "Task19", "Task19\Task19.vcxproj", "{8E626EB9-CDB5-4F5F-BAA6-028F36485CC2}"
EndProject
Project("{8BC9CEB8-8B4A-11D0-8D11-00A0C91BC942}") = "Task20", "Task20\Task20.vcxproj", "{D5799187-DC65-4E06-A6A1-E17E8421982B}"
EndProject
Global
	GlobalSection(SolutionConfigurationPlatforms) = preSolution
		Debug|x64 = Debug|x64
		Debug|x86 = Debug|x86
		Release|x64 = Release|x64
		Release|x86 = Release|x86
	EndGlobalSection
	GlobalSection(ProjectConfigurationPlatforms) = postSolution
		{25EC2F6E-09CF-4872-A0F1-C7854FBF41D3}.Debug|x64.ActiveCfg = Debug|x64
		{25EC2F6E-09CF-4872-A0F1-C7854FBF41D3}.Debug|x64.Build.0 = Debug|x64
		{25EC2F6E-09CF-4872-A0F1-C7854FBF41D3}.Debug|x86.ActiveCfg = Debug|Win32
		{25EC2F6E-09CF-4872-A0F1-C7854FBF41D3}.Debug|x86.Build.0 = Debug|Win32
		{25EC2F6E-09CF-4872-A0F1-C7854FBF41D3}.Release|x64.ActiveCfg = Release|x64
		{25EC2F6E-09CF-4872-A0F1-C7854FBF41D3}.Release|x64.Build.0 = Release|x64
		{25EC2F6E-09CF-4872-A0F1-C7854FBF41D3}.Release|x86.ActiveCfg = Release|Win32
		{25EC2F6E-09CF-4872-A0F1-C7854FBF41D3}.Release|x86.Build.0 = Release|Win32
		{E60B6FF4-045F-43AA-9599-B9C5CA92B777}.Debug|x64.ActiveCfg = Debug|x64
		{E60B6FF4-045F-43AA-9599-B9C5CA92B777}.Debug|x64.Build.0 = Debug|x64
		{E60B6FF4-045F-43AA-9599-B9C5CA92B777}.Debug|x86.ActiveCfg = Debug|Win32
		{E60B6FF4-045F-43AA-9599-B9C5CA92B777}.Debug|x86.Build.0 = Debug|Win32
		{E60B6FF4-045F-43AA-9599-B9C5CA92B777}.Release|x64.ActiveCfg = Release|x64
		{E60B6FF4-045F-43AA-9599-B9C5CA92B777}.Release|x64.Build.0 = Release|x64
		{E60B6FF4-045F-43AA-9599-B9C5CA92B777}.Release|x86.ActiveCfg = Release|Win32
		{E60B6FF4-045F-43AA-9599-B9C5CA92B777}.Release|x86.Build.0 = Release|Win32
		{3C89A850-2AFE-4759-B56D-6C0014FC1AD1}.Debug|x64.ActiveCfg = Debug|x64
		{3C89A850-2AFE-4759-B56D-6C0014FC1AD1}.Debug|x64.Build.0 = Debug|x64
		{3C89A850-2AFE-4759-B56D-6C0014FC1AD1}.Debug|x86.ActiveCfg = Debug|Win32
		{3C89A850-2AFE-4759-B56D-6C0014FC1AD1}.Debug|x86.Build.0 = Debug|Win32
		{3C89A850-2AFE-4759-B56D-6C0014FC1AD1}.Release|x64.ActiveCfg = Release|x64
		{3C89A850-2AFE-4759-B56D-6C0014FC1AD1}.Release|x64.Build.0 = Release|x64
		{3C89A850-2AFE-4759-B56D-6C0014FC1AD1}.Release|x86.ActiveCfg = Release|Win32
		{3C89A850-2AFE-4759-B56D-6C0014FC1AD1}.Release|x86.Build.0 = Release|Win32
		{70D51704-D662-475C-AA72-43A67C4FD975}.Debug|x64.ActiveCfg = Debug|x64
		{70D51704-D662-475C-AA72-43A67C4FD975}.Debug|x64.Build.0 = Debug|x64
		{70D51704-D662-475C-AA72-43A67C4FD975}.Debug|x86.ActiveCfg = Debug|Win32
		{70D51704-D662-475C-AA72-43A67C4FD975}.Debug|x86.Build.0 = Debug|Win32
		{70D51704-D662-475C-AA72-43A67C4FD975}.Release|x64.ActiveCfg = Release|x64
		{70D51704-D662-475C-AA72-43A67C4FD975}.Release|x64.Build.0 = Release|x64
		{70D51704-D662-475C-AA72-43A67C4FD975}.Release|x86.ActiveCfg = Release|Win32
		{70D51704-D662-475C-AA72-43A67C4FD975}.Release|x86.Build.0 = Release|Win32
		{24A88705-9885-4681-BF3F-3E6233AD6704}.Debug|x64.ActiveCfg = Debug|x64
		{24A88705-9885-4681-BF3F-3E6233AD6704}.Debug|x64.Build.0 = Debug|x64
		{24A88705-9885-4681-BF3F-3E6233AD6704}.Debug|x86.ActiveCfg = Debug|Win32
		{24A88705-9885-4681-BF3F-3E6233AD6704}.Debug|x86.Build.0 = Debug|Win32
		{24A88705-9885-4681-BF3F-3E6233AD6704}.Release|x64.ActiveCfg = Release|x64
		{24A88705-9885-4681-BF3F-3E6233AD6704}.Release|x64.Build.0 = Release|x64
		{24A88705-9885-4681-BF3F-3E6233AD6704}.Release|x86.ActiveCfg = Release|Win32
		{24A88705-9885-4681-BF3F-3E6233AD6704}.Release|x86.Build.0 = Release|Win32
		{9ED3012F-647A-40C5-993C-CE04886DA72E}.Debug|x64.ActiveCfg = Debug|x64
		{9ED3012F-647A-40C5-993C-CE04886DA72E}.Debug|x64.Build.0 = Debug|x64
		{9ED3012F-647A-40C5-993C-CE04886DA72E}.Debug|x86.ActiveCfg = Debug|Win32
		{9ED3012F-647A-40C5-993C-CE04886DA72E}.Debug|x86.Build.0 = Debug|Win32
		{9ED3012F-647A-40C5-993C-CE04886DA72E}.Release|x64.ActiveCfg = Release|x64
		{9ED3012F-647A-40C5-993C-CE04886DA72E}.Release|x64.Build.0 = Release|x64
		{9ED3012F-647A-40C5-993C-CE04886DA72E}.Release|x86.ActiveCfg = Release|Win32
		{9ED3012F-647A-40C5-993C-CE04886DA72E}.Release|x86.Build.0 = Release|Win32
		{CEA52943-C1B2-4808-B523-B4DC26E5124B}.Debug|x64.ActiveCfg = Debug|x64
		{CEA52943-C1B2-4808-B523-B4DC26E5124B}.Debug|x64.Build.0 = Debug|x64
		{CEA52943-C1B2-4808-B523-B4DC26E5124B}.Debug|x86.ActiveCfg = Debug|Win32
		{CEA52943-C1B2-4808-B523-B4DC26E5124B}.Debug|x86.Build.0 = Debug|Win32
		{CEA52943-C1B2-4808-B523-B4DC26E5124B}.Release|x64.ActiveCfg = Release|x64
		{CEA52943-C1B2-4808-B523-B4DC26E5124B}.Release|x64.Build.0 = Release|x64
		{CEA52943-C1B2-4808-B523-B4DC26E5124B}.Release|x86.ActiveCfg = Release|Win32
		{CEA52943-C1B2-4808-B523-B4DC26E5124B}.Release|x86.Build.0 = Release|Win32
		{A0DC608F-134A-4DEC-8DB7-89654BF85B6C}.Debug|x64.ActiveCfg = Debug|x64
		{A0DC608F-134A-4DEC-8DB7-89654BF85B6C}.Debug|x64.Build.0 = Debug|x64
		{A0DC608F-134A-4DEC-8DB7-89654BF85B6C}.Debug|x86.ActiveCfg = Debug|Win32
		{A0DC608F-134A-4DEC-8DB7-89654BF85B6C}.Debug|x86.Build.0 = Debug|Win32
		{A0DC608F-134A-4DEC-8DB7-89654BF85B6C}.Release|x64.ActiveCfg = Release|x64
		{A0DC608F-134A-4DEC-8DB7-89654BF85B6C}.Release|x64.Build.0 = Release|x64
		{A0DC608F-134A-4DEC-8DB7-89654BF85B6C}.Release|x86.ActiveCfg = Release|Win32
		{A0DC608F-134A-4DEC-8DB7-89654BF85B6C}.Release|x86.Build.0 = Release|Win32
		{FAE50E75-D2AD-4A39-8769-4463A8513913}.Debug|x64.ActiveCfg = Debug|x64
		{FAE50E75-D2AD-4A39-8769-4463A8513913}.Debug|x64.Build.0 = Debug|x64
		{FAE50E75-D2AD-4A39-8769-4463A8513913}.Debug|x86.ActiveCfg = Debug|Win32
		{FAE50E75-D2AD-4A39-8769-4463A8513913}.Debug|x86.Build.0 = Debug|Win32
		{FAE50E75-D2AD-4A39-8769-4463A8513913}.Release|x64.ActiveCfg = Release|x64
		{FAE50E75-D2AD-4A39-8769-4463A8513913}.Release|x64.Build.0 = Release|x64
		{FAE50E75-D2AD-4A39-8769-4463A8513913}.Release|x86.ActiveCfg = Release|Win32
		{FAE50E75-D2AD-4A39-8769-4463A8513913}.Release|x86.Build.0 = Release|Win32
		{09927158-E37F-4913-962D-3376964D2AD1}.Debug|x64.ActiveCfg = Debug|x64
		{09927158-E37F-4913-962D-3376964D2AD1}.Debug|x64.Build.0 = Debug|x64
		{09927158-E37F-4913-962D-3376964D2AD1}.Debug|x86.ActiveCfg = Debug|Win32
		{09927158-E37F-4913-962D-3376964D2AD1}.Debug|x86.Build.0 = Debug|Win32
		{09927158-E37F-4913-962D-3376964D2AD1}.Release|x64.ActiveCfg = Release|x64
		{09927158-E37F-4913-962D-3376964D2AD1}.Release|x64.Build.0 = Release|x64
		{09927158-E37F-4913-962D-3376964D2AD1}.Release|x86.ActiveCfg = Release|Win32
		{09927158-E37F-4913-962D-3376964D2AD1}.Release|x86.Build.0 = Release|Win32
		{21BCDF37-6A93-4822-9D28-1E62284529A0}.Debug|x64.ActiveCfg = Debug|x64
		{21BCDF37-6A93-4822-9D28-1E62284529A0}.Debug|x64.Build.0 = Debug|x64
		{21BCDF37-6A93-4822-9D28-1E62284529A0}.Debug|x86.ActiveCfg = Debug|Win32
		{21BCDF37-6A93-4822-9D28-1E62284529A0}.Debug|x86.Build.0 = Debug|Win32
		{21BCDF37-6A93-4822-9D28-1E62284529A0}.Release|x64.ActiveCfg = Release|x64
		{21BCDF37-6A93-4822-9D28-1E62284529A0}.Release|x64.Build.0 = Release|x64
		{21BCDF37-6A93-4822-9D28-1E62284529A0}.Release|x86.ActiveCfg = Release|Win32
		{21BCDF37-6A93-4822-9D28-1E62284529A0}.Release|x86.Build.0 = Release|Win32
		{144A49E0-EE63-475D-940C-0D6C3B7C1E40}.Debug|x64.ActiveCfg = Debug|x64
		{144A49E0-EE63-475D-940C-0D6C3B7C1E40}.Debug|x64.Build.0 = Debug|x64
		{144A49E0-EE63-475D-940C-0D6C3B7C1E40}.Debug|x86.ActiveCfg = Debug|Win32
		{144A49E0-EE63-475D-940C-0D6C3B7C1E40}.Debug|x86.Build.0 = Debug|Win32
		{144A49E0-EE63-475D-940C-0D6C3B7C1E40}.Release|x64.ActiveCfg = Release|x64
		{144A49E0-EE63-475D-940C-0D6C3B7C1E40}.Release|x64.Build.0 = Release|x64
		{144A49E0-EE63-475D-940C-0D6C3B7C1E40}.Release|x86.ActiveCfg = Release|Win32
		{144A49E0-EE63-475D-940C-0D6C3B7C1E40}.Release|x86.Build.0 = Release|Win32
		{7CD09A20-595D-4CBC-8A3E-6043E027A431}.Debug|x64.ActiveCfg = Debug|x64
		{7CD09A20-595D-4CBC-8A3E-6043E027A431}.Debug|x64.Build.0 = Debug|x64
		{7CD09A20-595D-4CBC-8A3E-6043E027A431}.Debug|x86.ActiveCfg = Debug|Win32
		{7CD09A20-595D-4CBC-8A3E-6043E027A431}.Debug|x86.Build.0 = Debug|Win32
		{7CD09A20-595D-4CBC-8A3E-6043E027A431}.Release|x64.ActiveCfg = Release|x64
		{7CD09A20-595D-4CBC-8A3E-6043E027A431}.Release|x64.Build.0 = Release|x64
		{7CD09A20-595D-4CBC-8A3E-6043E027A431}.Release|x86.ActiveCfg = Release|Win32
		{7CD09A20-595D-4CBC-8A3E-6043E027A431}.Release|x86.Build.0 = Release|Win32
		{B3C707C7-B45C-49D4-B2B7-14007D7CCA5E}.Debug|x64.ActiveCfg = Debug|x64
		{B3C707C7-B45C-49D4-B2B7-14007D7CCA5E}.Debug|x64.Build.0 = Debug|x64
		{B3C707C7-B45C-49D4-B2B7-14007D7CCA5E}.Debug|x86.ActiveCfg = Debug|Win32
		{B3C707C7-B45C-49D4-B2B7-14007D7CCA5E}.Debug|x86.Build.0 = Debug|Win32
		{B3C707C7-B45C-49D4-B2B7-14007D7CCA5E}.Release|x64.ActiveCfg = Release|x64
		{B3C707C7-B45C-49D4-B2B7-14007D7CCA5E}.Release|x64.Build.0 = Release|x64
		{B3C707C7-B45C-49D4-B2B7-14007D7CCA5E}.Release|x86.ActiveCfg = Release|Win32
		{B3C707C7-B45C-49D4-B2B7-14007D7CCA5E}.Release|x86.Build.0 = Release|Win32
		{696149BD-270F-4284-A203-5641E537B715}.Debug|x64.ActiveCfg = Debug|x64
		{696149BD-270F-4284-A203-5641E537B715}.Debug|x64.Build.0 = Debug|x64
		{696149BD-270F-4284-A203-5641E537B715}.Debug|x86.ActiveCfg = Debug|Win32
		{696149BD-270F-4284-A203-5641E537B715}.Debug|x86.Build.0 = Debug|Win32
		{696149BD-270F-4284-A203-5641E537B715}.Release|x64.ActiveCfg = Release|x64
		{696149BD-270F-4284-A203-5641E537B715}.Release|x64.Build.0 = Release|x64
		{696149BD-270F-4284-A203-5641E537B715}.Release|x86.ActiveCfg = Release|Win32
		{696149BD-270F-4284-A203-5641E537B715}.Release|x86.Build.0 = Release|Win32
		{171BBC9D-C371-4D35-ABA3-3C4D36DCA3C8}.Debug|x64.ActiveCfg = Debug|x64
		{171BBC9D-C371-4D35-ABA3-3C4D36DCA3C8}.Debug|x64.Build.0 = Debug|x64
		{171BBC9D-C371-4D35-ABA3-3C4D36DCA3C8}.Debug|x86.ActiveCfg = Debug|Win32
		{171BBC9D-C371-4D35-ABA3-3C4D36DCA3C8}.Debug|x86.Build.0 = Debug|Win32
		{171BBC9D-C371-4D35-ABA3-3C4D36DCA3C8}.Release|x64.ActiveCfg = Release|x64
		{171BBC9D-C371-4D35-ABA3-3C4D36DCA3C8}.Release|x64.Build.0 = Release|x64
		{171BBC9D-C371-4D35-ABA3-3C4D36DCA3C8}.Release|x86.ActiveCfg = Release|Win32
		{171BBC9D-C371-4D35-ABA3-3C4D36DCA3C8}.Release|x86.Build.0 = Release|Win32
		{E757A3E7-74FA-4305-8A32-756842F2278B}.Debug|x64.ActiveCfg = Debug|x64
		{E757A3E7-74FA-4305-8A32-756842F2278B}.Debug|x64.Build.0 = Debug|x64
		{E757A3E7-74FA-4305-8A32-756842F2278B}.Debug|x86.ActiveCfg = Debug|Win32
		{E757A3E7-74FA-4305-8A32-756842F2278B}.Debug|x86.Build.0 = Debug|Win32
		{E757A3E7-74FA-4305-8A32-756842F2278B}.Release|x64.ActiveCfg = Release|x64
		{E757A3E7-74FA-4305-8A32-756842F2278B}.Release|x64.Build.0 = Release|x64
		{E757A3E7-74FA-4305-8A32-756842F2278B}.Release|x86.ActiveCfg = Release|Win32
		{E757A3E7-74FA-4305-8A32-756842F2278B}.Release|x86.Build.0 = Release|Win32
		{2C8DDB25-3913-4BAA-836C-98342903B98A}.Debug|x64.ActiveCfg = Debug|x64
		{2C8DDB25-3913-4BAA-836C-98342903B98A}.Debug|x64.Build.0 = Debug|x64
		{2C8DDB25-3913-4BAA-836C-98342903B98A}.Debug|x86.ActiveCfg = Debug|Win32
		{2C8DDB25-3913-4BAA-836C-98342903B98A}.Debug|x86.Build.0 = Debug|Win32
		{2C8DDB25-3913-4BAA-836C-98342903B98A}.Release|x64.ActiveCfg = Release|x64
		{2C8DDB25-3913-4BAA-836C-98342903B98A}.Release|x64.Build.0 = Release|x64
		{2C8DDB25-3913-4BAA-836C-98342903B98A}.Release|x86.ActiveCfg = Release|Win32
		{2C8DDB25-3913-4BAA-836C-98342903B98A}.Release|x86.Build.0 = Release|Win32
		{8E626EB9-CDB5-4F5F-BAA6-028F36485CC2}.Debug|x64.ActiveCfg = Debug|x64
		{8E626EB9-CDB5-4F5F-BAA6-028F36485CC2}.Debug|x64.Build.0 = Debug|x64
		{8E626EB9-CDB5-4F5F-BAA6-028F36485CC2}.Debug|x86.ActiveCfg = Debug|Win32
		{8E626EB9-CDB5-4F5F-BAA6-028F36485CC2}.Debug|x86.Build.0 = Debug|Win32
		{8E626EB9-CDB5-4F5F-BAA6-028F36485CC2}.Release|x64.ActiveCfg = Release|x64
		{8E626EB9-CDB5-4F5F-BAA6-028F36485CC2}.Release|x64.Build.0 = Release|x64
		{8E626EB9-CDB5-4F5F-BAA6-028F36485CC2}.Release|x86.ActiveCfg = Release|Win32
		{8E626EB9-CDB5-4F5F-BAA6-028F36485CC2}.Release|x86.Build.0 = Release|Win32
		{D5799187-DC65-4E06-A6A1-E17E8421982B}.Debug|x64.ActiveCfg = Debug|x64
		{D5799187-DC65-4E06-A6A1-E17E8421982B}.Debug|x64.Build.0 = Debug|x64
		{D5799187-DC65-4E06-A6A1-E17E8421982B}.Debug|x86.ActiveCfg = Debug|Win32
		{D5799187-DC65-4E06-A6A1-E17E8421982B}.Debug|x86.Build.0 = Debug|Win32
		{D5799187-DC65-4E06-A6A1-E17E8421982B}.Release|x64.ActiveCfg = Release|x64
		{D5799187-DC65-4E06-A6A1-E17E8421982B}.Release|x64.Build.0 = Release|x64
		{D5799187-DC65-4E06-A6A1-E17E8421982B}.Release|x86.ActiveCfg = Release|Win32
		{D5799187-DC65-4E06-A6A1-E17E8421982B}.Release|x86.Build.0 = Release|Win32
	EndGlobalSection
	GlobalSection(SolutionProperties) = preSolution
		HideSolutionNode = FALSE
	EndGlobalSection
	GlobalSection(ExtensibilityGlobals) = postSolution
		SolutionGuid = {F5CD34BF-46CE-4C87-A8EB-2E0CABA1C505}
	EndGlobalSection
EndGlobal
